
Microsoft Visual Studio Solution File, Format Version 12.00
# Visual Studio Version 17
VisualStudioVersion = 17.0.31903.59
MinimumVisualStudioVersion = 10.0.40219.1
Project("{FAE04EC0-301F-11D3-BF4B-00C04F79EFBC}") = "SAPSec.Web", "SAPSec.Web\SAPSec.Web.csproj", "{24624574-4DE4-4A91-8273-7AE3EEE13537}"
EndProject
Project("{2150E333-8FDC-42A3-9474-1A3956D46DE8}") = "Tests", "Tests", "{0AB3BF05-4346-4AA6-1389-037BE0695223}"
EndProject
Project("{FAE04EC0-301F-11D3-BF4B-00C04F79EFBC}") = "SAPSec.Web.Tests", "Tests\SAPSec.Web.Tests\SAPSec.Web.Tests.csproj", "{FF6CC6BE-8BD4-4353-BA24-F0B562F73534}"
EndProject
Project("{FAE04EC0-301F-11D3-BF4B-00C04F79EFBC}") = "SAPSec.Core", "SAPSec.Core\SAPSec.Core.csproj", "{67AB6A0D-08A4-4B71-BF27-AA1E7745D1BC}"
EndProject
Project("{FAE04EC0-301F-11D3-BF4B-00C04F79EFBC}") = "SAPSec.Core.Tests", "Tests\SAPSec.Core.Tests\SAPSec.Core.Tests.csproj", "{EB1D1EAE-E264-4FF5-ACB9-8614FD694C69}"
EndProject
Project("{FAE04EC0-301F-11D3-BF4B-00C04F79EFBC}") = "SAPSec.Infrastructure", "SAPSec.Infrastructure\SAPSec.Infrastructure.csproj", "{BD2C3F9A-E27B-4F9E-969B-390B9BB0E5D2}"
EndProject
Project("{FAE04EC0-301F-11D3-BF4B-00C04F79EFBC}") = "SAPSec.Infrastructure.Tests", "Tests\SAPSec.Infrastructure.Tests\SAPSec.Infrastructure.Tests.csproj", "{5F164DC3-0185-4D92-B689-7A004F81C232}"
EndProject
Project("{2150E333-8FDC-42A3-9474-1A3956D46DE8}") = "Solution Items", "Solution Items", "{8EC462FD-D22E-90A8-E5CE-7E832BA40C5D}"
	ProjectSection(SolutionItems) = preProject
		.dockerignore = .dockerignore
		Dockerfile = Dockerfile
	EndProjectSection
EndProject
Global
	GlobalSection(SolutionConfigurationPlatforms) = preSolution
		Debug|Any CPU = Debug|Any CPU
		Debug|x64 = Debug|x64
		Debug|x86 = Debug|x86
		Release|Any CPU = Release|Any CPU
		Release|x64 = Release|x64
		Release|x86 = Release|x86
	EndGlobalSection
	GlobalSection(ProjectConfigurationPlatforms) = postSolution
		{24624574-4DE4-4A91-8273-7AE3EEE13537}.Debug|Any CPU.ActiveCfg = Debug|Any CPU
		{24624574-4DE4-4A91-8273-7AE3EEE13537}.Debug|Any CPU.Build.0 = Debug|Any CPU
		{24624574-4DE4-4A91-8273-7AE3EEE13537}.Debug|x64.ActiveCfg = Debug|Any CPU
		{24624574-4DE4-4A91-8273-7AE3EEE13537}.Debug|x64.Build.0 = Debug|Any CPU
		{24624574-4DE4-4A91-8273-7AE3EEE13537}.Debug|x86.ActiveCfg = Debug|Any CPU
		{24624574-4DE4-4A91-8273-7AE3EEE13537}.Debug|x86.Build.0 = Debug|Any CPU
		{24624574-4DE4-4A91-8273-7AE3EEE13537}.Release|Any CPU.ActiveCfg = Release|Any CPU
		{24624574-4DE4-4A91-8273-7AE3EEE13537}.Release|Any CPU.Build.0 = Release|Any CPU
		{24624574-4DE4-4A91-8273-7AE3EEE13537}.Release|x64.ActiveCfg = Release|Any CPU
		{24624574-4DE4-4A91-8273-7AE3EEE13537}.Release|x64.Build.0 = Release|Any CPU
		{24624574-4DE4-4A91-8273-7AE3EEE13537}.Release|x86.ActiveCfg = Release|Any CPU
		{24624574-4DE4-4A91-8273-7AE3EEE13537}.Release|x86.Build.0 = Release|Any CPU
		{FF6CC6BE-8BD4-4353-BA24-F0B562F73534}.Debug|Any CPU.ActiveCfg = Debug|Any CPU
		{FF6CC6BE-8BD4-4353-BA24-F0B562F73534}.Debug|Any CPU.Build.0 = Debug|Any CPU
		{FF6CC6BE-8BD4-4353-BA24-F0B562F73534}.Debug|x64.ActiveCfg = Debug|Any CPU
		{FF6CC6BE-8BD4-4353-BA24-F0B562F73534}.Debug|x64.Build.0 = Debug|Any CPU
		{FF6CC6BE-8BD4-4353-BA24-F0B562F73534}.Debug|x86.ActiveCfg = Debug|Any CPU
		{FF6CC6BE-8BD4-4353-BA24-F0B562F73534}.Debug|x86.Build.0 = Debug|Any CPU
		{FF6CC6BE-8BD4-4353-BA24-F0B562F73534}.Release|Any CPU.ActiveCfg = Release|Any CPU
		{FF6CC6BE-8BD4-4353-BA24-F0B562F73534}.Release|Any CPU.Build.0 = Release|Any CPU
		{FF6CC6BE-8BD4-4353-BA24-F0B562F73534}.Release|x64.ActiveCfg = Release|Any CPU
		{FF6CC6BE-8BD4-4353-BA24-F0B562F73534}.Release|x64.Build.0 = Release|Any CPU
		{FF6CC6BE-8BD4-4353-BA24-F0B562F73534}.Release|x86.ActiveCfg = Release|Any CPU
		{FF6CC6BE-8BD4-4353-BA24-F0B562F73534}.Release|x86.Build.0 = Release|Any CPU
		{67AB6A0D-08A4-4B71-BF27-AA1E7745D1BC}.Debug|Any CPU.ActiveCfg = Debug|Any CPU
		{67AB6A0D-08A4-4B71-BF27-AA1E7745D1BC}.Debug|Any CPU.Build.0 = Debug|Any CPU
		{67AB6A0D-08A4-4B71-BF27-AA1E7745D1BC}.Debug|x64.ActiveCfg = Debug|Any CPU
		{67AB6A0D-08A4-4B71-BF27-AA1E7745D1BC}.Debug|x64.Build.0 = Debug|Any CPU
		{67AB6A0D-08A4-4B71-BF27-AA1E7745D1BC}.Debug|x86.ActiveCfg = Debug|Any CPU
		{67AB6A0D-08A4-4B71-BF27-AA1E7745D1BC}.Debug|x86.Build.0 = Debug|Any CPU
		{67AB6A0D-08A4-4B71-BF27-AA1E7745D1BC}.Release|Any CPU.ActiveCfg = Release|Any CPU
		{67AB6A0D-08A4-4B71-BF27-AA1E7745D1BC}.Release|Any CPU.Build.0 = Release|Any CPU
		{67AB6A0D-08A4-4B71-BF27-AA1E7745D1BC}.Release|x64.ActiveCfg = Release|Any CPU
		{67AB6A0D-08A4-4B71-BF27-AA1E7745D1BC}.Release|x64.Build.0 = Release|Any CPU
		{67AB6A0D-08A4-4B71-BF27-AA1E7745D1BC}.Release|x86.ActiveCfg = Release|Any CPU
		{67AB6A0D-08A4-4B71-BF27-AA1E7745D1BC}.Release|x86.Build.0 = Release|Any CPU
		{EB1D1EAE-E264-4FF5-ACB9-8614FD694C69}.Debug|Any CPU.ActiveCfg = Debug|Any CPU
		{EB1D1EAE-E264-4FF5-ACB9-8614FD694C69}.Debug|Any CPU.Build.0 = Debug|Any CPU
		{EB1D1EAE-E264-4FF5-ACB9-8614FD694C69}.Debug|x64.ActiveCfg = Debug|Any CPU
		{EB1D1EAE-E264-4FF5-ACB9-8614FD694C69}.Debug|x64.Build.0 = Debug|Any CPU
		{EB1D1EAE-E264-4FF5-ACB9-8614FD694C69}.Debug|x86.ActiveCfg = Debug|Any CPU
		{EB1D1EAE-E264-4FF5-ACB9-8614FD694C69}.Debug|x86.Build.0 = Debug|Any CPU
		{EB1D1EAE-E264-4FF5-ACB9-8614FD694C69}.Release|Any CPU.ActiveCfg = Release|Any CPU
		{EB1D1EAE-E264-4FF5-ACB9-8614FD694C69}.Release|Any CPU.Build.0 = Release|Any CPU
		{EB1D1EAE-E264-4FF5-ACB9-8614FD694C69}.Release|x64.ActiveCfg = Release|Any CPU
		{EB1D1EAE-E264-4FF5-ACB9-8614FD694C69}.Release|x64.Build.0 = Release|Any CPU
		{EB1D1EAE-E264-4FF5-ACB9-8614FD694C69}.Release|x86.ActiveCfg = Release|Any CPU
		{EB1D1EAE-E264-4FF5-ACB9-8614FD694C69}.Release|x86.Build.0 = Release|Any CPU
		{BD2C3F9A-E27B-4F9E-969B-390B9BB0E5D2}.Debug|Any CPU.ActiveCfg = Debug|Any CPU
		{BD2C3F9A-E27B-4F9E-969B-390B9BB0E5D2}.Debug|Any CPU.Build.0 = Debug|Any CPU
		{BD2C3F9A-E27B-4F9E-969B-390B9BB0E5D2}.Debug|x64.ActiveCfg = Debug|Any CPU
		{BD2C3F9A-E27B-4F9E-969B-390B9BB0E5D2}.Debug|x64.Build.0 = Debug|Any CPU
		{BD2C3F9A-E27B-4F9E-969B-390B9BB0E5D2}.Debug|x86.ActiveCfg = Debug|Any CPU
		{BD2C3F9A-E27B-4F9E-969B-390B9BB0E5D2}.Debug|x86.Build.0 = Debug|Any CPU
		{BD2C3F9A-E27B-4F9E-969B-390B9BB0E5D2}.Release|Any CPU.ActiveCfg = Release|Any CPU
		{BD2C3F9A-E27B-4F9E-969B-390B9BB0E5D2}.Release|Any CPU.Build.0 = Release|Any CPU
		{BD2C3F9A-E27B-4F9E-969B-390B9BB0E5D2}.Release|x64.ActiveCfg = Release|Any CPU
		{BD2C3F9A-E27B-4F9E-969B-390B9BB0E5D2}.Release|x64.Build.0 = Release|Any CPU
		{BD2C3F9A-E27B-4F9E-969B-390B9BB0E5D2}.Release|x86.ActiveCfg = Release|Any CPU
		{BD2C3F9A-E27B-4F9E-969B-390B9BB0E5D2}.Release|x86.Build.0 = Release|Any CPU
		{5F164DC3-0185-4D92-B689-7A004F81C232}.Debug|Any CPU.ActiveCfg = Debug|Any CPU
		{5F164DC3-0185-4D92-B689-7A004F81C232}.Debug|Any CPU.Build.0 = Debug|Any CPU
		{5F164DC3-0185-4D92-B689-7A004F81C232}.Debug|x64.ActiveCfg = Debug|Any CPU
		{5F164DC3-0185-4D92-B689-7A004F81C232}.Debug|x64.Build.0 = Debug|Any CPU
		{5F164DC3-0185-4D92-B689-7A004F81C232}.Debug|x86.ActiveCfg = Debug|Any CPU
		{5F164DC3-0185-4D92-B689-7A004F81C232}.Debug|x86.Build.0 = Debug|Any CPU
		{5F164DC3-0185-4D92-B689-7A004F81C232}.Release|Any CPU.ActiveCfg = Release|Any CPU
		{5F164DC3-0185-4D92-B689-7A004F81C232}.Release|Any CPU.Build.0 = Release|Any CPU
		{5F164DC3-0185-4D92-B689-7A004F81C232}.Release|x64.ActiveCfg = Release|Any CPU
		{5F164DC3-0185-4D92-B689-7A004F81C232}.Release|x64.Build.0 = Release|Any CPU
		{5F164DC3-0185-4D92-B689-7A004F81C232}.Release|x86.ActiveCfg = Release|Any CPU
		{5F164DC3-0185-4D92-B689-7A004F81C232}.Release|x86.Build.0 = Release|Any CPU
	EndGlobalSection
	GlobalSection(SolutionProperties) = preSolution
		HideSolutionNode = FALSE
	EndGlobalSection
	GlobalSection(NestedProjects) = preSolution
		{FF6CC6BE-8BD4-4353-BA24-F0B562F73534} = {0AB3BF05-4346-4AA6-1389-037BE0695223}
		{EB1D1EAE-E264-4FF5-ACB9-8614FD694C69} = {0AB3BF05-4346-4AA6-1389-037BE0695223}
		{5F164DC3-0185-4D92-B689-7A004F81C232} = {0AB3BF05-4346-4AA6-1389-037BE0695223}
	EndGlobalSection
	GlobalSection(ExtensibilityGlobals) = postSolution
		SolutionGuid = {0D7E6B09-2E5D-4BA4-899B-FBCC5A7F92CD}
	EndGlobalSection
EndGlobal
