{
  "name": "sapsec.web",
  "version": "1.0.0",
  "lockfileVersion": 3,
  "requires": true,
  "packages": {
    "": {
      "name": "sapsec.web",
      "version": "1.0.0",
      "hasInstallScript": true,
      "license": "MIT",
      "dependencies": {
        "dfe-frontend": "^2.0.1",
        "govuk-frontend": "^5.12.0"
      },
      "devDependencies": {
        "mkdirp": "^3.0.1"
      }
    },
    "node_modules/dfe-frontend": {
      "version": "2.0.1",
      "resolved": "https://registry.npmjs.org/dfe-frontend/-/dfe-frontend-2.0.1.tgz",
      "integrity": "sha512-HwNu93gFPHKe0CvuXN9JAQrZIYsFa81IsY5kyt1AAV3zsLQpBXZQXnJyVPtbAZ+n0unV/Uimv3vHrGVHqzmxXA==",
      "license": "MIT",
      "dependencies": {
        "govuk-frontend": "^5.3.1"
      }
    },
    "node_modules/govuk-frontend": {
      "version": "5.12.0",
      "resolved": "https://registry.npmjs.org/govuk-frontend/-/govuk-frontend-5.12.0.tgz",
      "integrity": "sha512-gNr/UVDoORVOqVKTC9i9HOKKPeM4IDTAqtnd3t6U8LQibEr+8Q+FB7Id0u/MfR/5mqPfenG/+VGLW96vJXok/g==",
      "license": "MIT",
      "engines": {
        "node": ">= 4.2.0"
      }
    },
    "node_modules/mkdirp": {
      "version": "3.0.1",
      "resolved": "https://registry.npmjs.org/mkdirp/-/mkdirp-3.0.1.tgz",
      "integrity": "sha512-+NsyUUAZDmo6YVHzL/stxSu3t9YS1iljliy3BSDrXJ/dkn1KYdmtZODGGjLcc9XLgVVpH4KshHB8XmZgMhaBXg==",
      "dev": true,
      "license": "MIT",
      "bin": {
        "mkdirp": "dist/cjs/src/bin.js"
      },
      "engines": {
        "node": ">=10"
      },
      "funding": {
        "url": "https://github.com/sponsors/isaacs"
      }
    }
  }
}
